{
  "nodes": {
    "breeze": {
      "flake": false,
      "locked": {
        "lastModified": 1707096698,
        "narHash": "sha256-TNc26itXsjuDfHt5OL7VSvTcVUDG57tTV9H/XpLi10c=",
        "owner": "KDE",
        "repo": "breeze",
        "rev": "d752645026a223739a1c27646ee4f364fa909cfd",
        "type": "github"
      },
      "original": {
        "owner": "KDE",
        "repo": "breeze",
        "type": "github"
      }
    },
    "calendarsync": {
      "inputs": {
        "flake-utils": "flake-utils",
        "nixpkgs": "nixpkgs"
      },
      "locked": {
        "lastModified": 1691419823,
        "narHash": "sha256-f7yNP1Kfb1iqnLBNaLOJDbqidYTsHL4VAIL6hd4hHHc=",
        "owner": "breuerfelix",
        "repo": "calendarsync",
        "rev": "25b3dd5134c535e38d838f105d66a34587f3a7f0",
        "type": "github"
      },
      "original": {
        "owner": "breuerfelix",
        "repo": "calendarsync",
        "type": "github"
      }
    },
    "darwin": {
      "inputs": {
        "nixpkgs": [
          "nixpkgs"
        ]
      },
      "locked": {
        "lastModified": 1706833576,
        "narHash": "sha256-w7BL0EWRts+nD1lbLECIuz6fRzmmV+z8oWwoY7womR0=",
        "owner": "lnl7",
        "repo": "nix-darwin",
        "rev": "bdbae6ecff8fcc322bf6b9053c0b984912378af7",
        "type": "github"
      },
      "original": {
        "owner": "lnl7",
        "repo": "nix-darwin",
        "type": "github"
      }
    },
    "earthly-vim": {
      "flake": false,
      "locked": {
        "lastModified": 1691513846,
        "narHash": "sha256-ufvJd1WmMwcG9LgVtjdB4ipXwjVZMhKtrQl2+H2aIL4=",
        "owner": "earthly",
        "repo": "earthly.vim",
        "rev": "66bf86d8292d71e6f2f5e8ea371471c9809efde6",
        "type": "github"
      },
      "original": {
        "owner": "earthly",
        "repo": "earthly.vim",
        "type": "github"
      }
    },
    "feovim": {
      "inputs": {
        "earthly-vim": "earthly-vim",
        "flake-utils": "flake-utils_2",
        "github-nvim-theme": "github-nvim-theme",
        "nixpkgs": "nixpkgs_2"
      },
      "locked": {
        "lastModified": 1706793749,
        "narHash": "sha256-OHearzQ4mO8Q//sMEcO6ImcAL9/aAt8DNYIuPmu5lPM=",
        "owner": "breuerfelix",
        "repo": "feovim",
        "rev": "e5cea632383a2cafc963d9794a980005f57bf81e",
        "type": "github"
      },
      "original": {
        "owner": "breuerfelix",
        "repo": "feovim",
        "type": "github"
      }
    },
    "flake-utils": {
      "inputs": {
        "systems": "systems"
      },
      "locked": {
        "lastModified": 1689068808,
        "narHash": "sha256-6ixXo3wt24N/melDWjq70UuHQLxGV8jZvooRanIHXw0=",
        "owner": "numtide",
        "repo": "flake-utils",
        "rev": "919d646de7be200f3bf08cb76ae1f09402b6f9b4",
        "type": "github"
      },
      "original": {
        "owner": "numtide",
        "repo": "flake-utils",
        "type": "github"
      }
    },
    "flake-utils_2": {
      "inputs": {
        "systems": "systems_2"
      },
      "locked": {
        "lastModified": 1694529238,
        "narHash": "sha256-zsNZZGTGnMOf9YpHKJqMSsa0dXbfmxeoJ7xHlrt+xmY=",
        "owner": "numtide",
        "repo": "flake-utils",
        "rev": "ff7b65b44d01cf9ba6a71320833626af21126384",
        "type": "github"
      },
      "original": {
        "owner": "numtide",
        "repo": "flake-utils",
        "type": "github"
      }
    },
    "flake-utils_3": {
      "inputs": {
        "systems": "systems_3"
      },
      "locked": {
        "lastModified": 1701680307,
        "narHash": "sha256-kAuep2h5ajznlPMD9rnQyffWG8EM/C73lejGofXvdM8=",
        "owner": "numtide",
        "repo": "flake-utils",
        "rev": "4022d587cbbfd70fe950c1e2083a02621806a725",
        "type": "github"
      },
      "original": {
        "owner": "numtide",
        "repo": "flake-utils",
        "type": "github"
      }
    },
    "github-nvim-theme": {
      "flake": false,
      "locked": {
        "lastModified": 1695464741,
        "narHash": "sha256-v+tFr2/fbEk8l5LTn5JiFxErhmgsmETskLvL1+H7zTs=",
        "owner": "projekt0n",
        "repo": "github-nvim-theme",
        "rev": "48f95f763e1a98e508260a20e448c3ff2d91213a",
        "type": "github"
      },
      "original": {
        "owner": "projekt0n",
        "repo": "github-nvim-theme",
        "type": "github"
      }
    },
    "home-manager": {
      "inputs": {
        "nixpkgs": [
          "nixpkgs"
        ]
      },
      "locked": {
        "lastModified": 1707114923,
        "narHash": "sha256-LDYPWa+BgxHSNEye93SyIPgz5u3RAfh78P9KyO+rQzI=",
        "owner": "nix-community",
        "repo": "home-manager",
        "rev": "afcedcf2c8e424d0465e823cf833eb3adebe1db7",
        "type": "github"
      },
      "original": {
        "owner": "nix-community",
        "repo": "home-manager",
        "type": "github"
      }
    },
    "krewfile": {
      "inputs": {
        "flake-utils": "flake-utils_3",
        "nixpkgs": "nixpkgs_3"
      },
      "locked": {
        "lastModified": 1705078502,
        "narHash": "sha256-qH6DtavbLqIpYIf3Zr2eWOcBpJfLFXbaOKQNkefv6tg=",
        "owner": "brumhard",
        "repo": "krewfile",
        "rev": "02d04f38ea0d1b8de4da3b29bc861f8883c9b9e9",
        "type": "github"
      },
      "original": {
        "owner": "brumhard",
        "repo": "krewfile",
        "type": "github"
      }
    },
    "materia-theme": {
      "flake": false,
      "locked": {
        "lastModified": 1620818711,
        "narHash": "sha256-0eCAfm/MWXv6BbCl2vbVbvgv8DiUH09TAUhoKq7Ow0k=",
        "owner": "nana-4",
        "repo": "materia-theme",
        "rev": "76cac96ca7fe45dc9e5b9822b0fbb5f4cad47984",
        "type": "github"
      },
      "original": {
        "owner": "nana-4",
        "ref": "76cac96ca7fe45dc9e5b9822b0fbb5f4cad47984",
        "repo": "materia-theme",
        "type": "github"
      }
    },
    "nixpkgs": {
      "locked": {
        "lastModified": 1691418107,
        "narHash": "sha256-2MIv7kaWFmIw29ULy44UmCusLT9S2rAdEdTdI359acc=",
        "owner": "nixos",
        "repo": "nixpkgs",
        "rev": "3013bd06cbe7a22c09b2e7942d787b31ca210ce4",
        "type": "github"
      },
      "original": {
        "owner": "nixos",
        "repo": "nixpkgs",
        "type": "github"
      }
    },
    "nixpkgs_2": {
      "locked": {
        "lastModified": 1695732165,
        "narHash": "sha256-dj/F0iQzyP0+fJ17uIwxywZh3zVdCJpMNzhYmo62yhY=",
        "owner": "nixos",
        "repo": "nixpkgs",
        "rev": "d490800f0f2140bbd1ad5bb87fbb7c38ed36fc6f",
        "type": "github"
      },
      "original": {
        "owner": "nixos",
        "repo": "nixpkgs",
        "type": "github"
      }
    },
    "nixpkgs_3": {
      "locked": {
        "lastModified": 1705077611,
        "narHash": "sha256-wLkuqxuFWmDO9Na5jGaDIKtv3RbNB3fnzksFo8+UhjA=",
        "owner": "nixos",
        "repo": "nixpkgs",
        "rev": "628a17e514b7fba3f2da43e9e298c1fc01cabeb2",
        "type": "github"
      },
      "original": {
        "owner": "nixos",
        "repo": "nixpkgs",
        "type": "github"
      }
    },
    "nixpkgs_4": {
      "locked": {
        "lastModified": 1707152963,
        "narHash": "sha256-JvSs+aPLtsXsXJWJqpllFQyanCK0KWuX2SHSshCAs0I=",
        "owner": "nixos",
        "repo": "nixpkgs",
        "rev": "8193e46376fdc6a13e8075ad263b4b5ca2592c03",
        "type": "github"
      },
      "original": {
        "owner": "nixos",
        "repo": "nixpkgs",
        "type": "github"
      }
    },
    "root": {
      "inputs": {
        "breeze": "breeze",
        "calendarsync": "calendarsync",
        "darwin": "darwin",
        "feovim": "feovim",
        "home-manager": "home-manager",
        "krewfile": "krewfile",
        "materia-theme": "materia-theme",
        "nixpkgs": "nixpkgs_4",
        "sketchybar": "sketchybar"
      }
    },
    "sketchybar": {
      "flake": false,
      "locked": {
        "lastModified": 1705852247,
        "narHash": "sha256-QYhlZgu2GTyXxr21UBbaUCBMnMlFRBMnw0cLExxV/bw=",
        "owner": "FelixKratz",
        "repo": "dotfiles",
        "rev": "82290888fb9bbc3619e6c551efcd6605d2d71289",
        "type": "github"
      },
      "original": {
        "owner": "FelixKratz",
        "repo": "dotfiles",
        "type": "github"
      }
    },
    "systems": {
      "locked": {
        "lastModified": 1681028828,
        "narHash": "sha256-Vy1rq5AaRuLzOxct8nz4T6wlgyUR7zLU309k9mBC768=",
        "owner": "nix-systems",
        "repo": "default",
        "rev": "da67096a3b9bf56a91d16901293e51ba5b49a27e",
        "type": "github"
      },
      "original": {
        "owner": "nix-systems",
        "repo": "default",
        "type": "github"
      }
    },
    "systems_2": {
      "locked": {
        "lastModified": 1681028828,
        "narHash": "sha256-Vy1rq5AaRuLzOxct8nz4T6wlgyUR7zLU309k9mBC768=",
        "owner": "nix-systems",
        "repo": "default",
        "rev": "da67096a3b9bf56a91d16901293e51ba5b49a27e",
        "type": "github"
      },
      "original": {
        "owner": "nix-systems",
        "repo": "default",
        "type": "github"
      }
    },
    "systems_3": {
      "locked": {
        "lastModified": 1681028828,
        "narHash": "sha256-Vy1rq5AaRuLzOxct8nz4T6wlgyUR7zLU309k9mBC768=",
        "owner": "nix-systems",
        "repo": "default",
        "rev": "da67096a3b9bf56a91d16901293e51ba5b49a27e",
        "type": "github"
      },
      "original": {
        "owner": "nix-systems",
        "repo": "default",
        "type": "github"
      }
    }
  },
  "root": "root",
  "version": 7
}
