{
  "nodes": {
    "darwin": {
      "inputs": {
        "nixpkgs": [
          "nixpkgs"
        ]
      },
      "locked": {
        "lastModified": 1733570843,
        "narHash": "sha256-sQJAxY1TYWD1UyibN/FnN97paTFuwBw3Vp3DNCyKsMk=",
        "owner": "lnl7",
        "repo": "nix-darwin",
        "rev": "a35b08d09efda83625bef267eb24347b446c80b8",
        "type": "github"
      },
      "original": {
        "owner": "lnl7",
        "repo": "nix-darwin",
        "type": "github"
      }
    },
    "feovim": {
      "inputs": {
        "flake-utils": "flake-utils",
        "inlay-hints": "inlay-hints",
        "nixpkgs": "nixpkgs",
        "nixpkgs-unstable": "nixpkgs-unstable",
        "whaler": "whaler"
      },
      "locked": {
        "lastModified": 1734866116,
        "narHash": "sha256-CYQw3mnUlFrP4Fr0q8H6/dXrhmk0FoqELk9ia01R9Eg=",
        "owner": "breuerfelix",
        "repo": "feovim",
        "rev": "70e77a136734f5a5f38dd240fbe5476507f4cc3e",
        "type": "github"
      },
      "original": {
        "owner": "breuerfelix",
        "repo": "feovim",
        "type": "github"
      }
    },
    "flake-utils": {
      "inputs": {
        "systems": "systems"
      },
      "locked": {
        "lastModified": 1731533236,
        "narHash": "sha256-l0KFg5HjrsfsO/JpG+r7fRrqm12kzFHyUHqHCVpMMbI=",
        "owner": "numtide",
        "repo": "flake-utils",
        "rev": "11707dc2f618dd54ca8739b309ec4fc024de578b",
        "type": "github"
      },
      "original": {
        "owner": "numtide",
        "repo": "flake-utils",
        "type": "github"
      }
    },
    "flake-utils_2": {
      "inputs": {
        "systems": "systems_2"
      },
      "locked": {
        "lastModified": 1710146030,
        "narHash": "sha256-SZ5L6eA7HJ/nmkzGG7/ISclqe6oZdOZTNoesiInkXPQ=",
        "owner": "numtide",
        "repo": "flake-utils",
        "rev": "b1d9ab70662946ef0850d488da1c9019f3a9752a",
        "type": "github"
      },
      "original": {
        "owner": "numtide",
        "repo": "flake-utils",
        "type": "github"
      }
    },
    "home-manager": {
      "inputs": {
        "nixpkgs": [
          "nixpkgs"
        ]
      },
      "locked": {
        "lastModified": 1734093295,
        "narHash": "sha256-hSwgGpcZtdDsk1dnzA0xj5cNaHgN9A99hRF/mxMtwS4=",
        "owner": "nix-community",
        "repo": "home-manager",
        "rev": "66c5d8b62818ec4c1edb3e941f55ef78df8141a8",
        "type": "github"
      },
      "original": {
        "owner": "nix-community",
        "repo": "home-manager",
        "type": "github"
      }
    },
    "inlay-hints": {
      "flake": false,
      "locked": {
        "lastModified": 1734768391,
        "narHash": "sha256-99KCGoPowa4PA1jkCm4ZbbgrFl84NWnKQMgkfy8KS5E=",
        "owner": "MysticalDevil",
        "repo": "inlay-hints.nvim",
        "rev": "3259b54f3b954b4d8260f3ee49ceabe978ea5636",
        "type": "github"
      },
      "original": {
        "owner": "MysticalDevil",
        "repo": "inlay-hints.nvim",
        "type": "github"
      }
    },
    "krewfile": {
      "inputs": {
        "flake-utils": "flake-utils_2",
        "nixpkgs": "nixpkgs_2"
      },
      "locked": {
        "lastModified": 1728835414,
        "narHash": "sha256-RdlkhhG7SlywLyUA9SegWGEmEnuDPl93XbGDTxIlEuU=",
        "owner": "brumhard",
        "repo": "krewfile",
        "rev": "b42e2a2d8adb810a5248d786e4993c778a6f40ae",
        "type": "github"
      },
      "original": {
        "owner": "brumhard",
        "repo": "krewfile",
        "type": "github"
      }
    },
    "nix-index-database": {
      "inputs": {
        "nixpkgs": [
          "nixpkgs"
        ]
      },
      "locked": {
        "lastModified": 1733629314,
        "narHash": "sha256-U0vivjQFAwjNDYt49Krevs1murX9hKBFe2Ye0cHpgbU=",
        "owner": "nix-community",
        "repo": "nix-index-database",
        "rev": "f1e477a7dd11e27e7f98b646349cd66bbabf2fb8",
        "type": "github"
      },
      "original": {
        "owner": "nix-community",
        "repo": "nix-index-database",
        "type": "github"
      }
    },
    "nixpkgs": {
      "locked": {
        "lastModified": 1734864702,
        "narHash": "sha256-spNvbcvEEra0zwuWeCdb9qiqJ5kkeQGAXuNm40L+XvY=",
        "owner": "nixos",
        "repo": "nixpkgs",
        "rev": "3f0cff254e5fb73702216002e84b4872a0087ace",
        "type": "github"
      },
      "original": {
        "owner": "nixos",
        "repo": "nixpkgs",
        "type": "github"
      }
    },
    "nixpkgs-unstable": {
      "locked": {
        "lastModified": 1734435836,
        "narHash": "sha256-kMBQ5PRiFLagltK0sH+08aiNt3zGERC2297iB6vrvlU=",
        "owner": "nixos",
        "repo": "nixpkgs",
        "rev": "4989a246d7a390a859852baddb1013f825435cee",
        "type": "github"
      },
      "original": {
        "owner": "nixos",
        "ref": "nixpkgs-unstable",
        "repo": "nixpkgs",
        "type": "github"
      }
    },
    "nixpkgs-unstable_2": {
      "locked": {
        "lastModified": 1733940404,
        "narHash": "sha256-Pj39hSoUA86ZePPF/UXiYHHM7hMIkios8TYG29kQT4g=",
        "owner": "nixos",
        "repo": "nixpkgs",
        "rev": "5d67ea6b4b63378b9c13be21e2ec9d1afc921713",
        "type": "github"
      },
      "original": {
        "owner": "nixos",
        "ref": "nixos-unstable",
        "repo": "nixpkgs",
        "type": "github"
      }
    },
    "nixpkgs_2": {
      "locked": {
        "lastModified": 1725896647,
        "narHash": "sha256-B/u9dHy8KAsYo7TUidE2cme/wdQOHPNZuC6Fn/rGQZg=",
        "owner": "nixos",
        "repo": "nixpkgs",
        "rev": "ea39bd6f35d9a4f501f16fb5626b84fa3f80dcd9",
        "type": "github"
      },
      "original": {
        "owner": "nixos",
        "repo": "nixpkgs",
        "type": "github"
      }
    },
    "nixpkgs_3": {
      "locked": {
        "lastModified": 1734211611,
        "narHash": "sha256-WVogtaU0zEc9cf5IO2e1Z1iAh4j1d1oTyLaiVQQix0I=",
        "owner": "nixos",
        "repo": "nixpkgs",
        "rev": "781e0b8b79c58ce550c0fbc2afee9702bec97f47",
        "type": "github"
      },
      "original": {
        "owner": "nixos",
        "repo": "nixpkgs",
        "type": "github"
      }
    },
    "root": {
      "inputs": {
        "darwin": "darwin",
        "feovim": "feovim",
        "home-manager": "home-manager",
        "krewfile": "krewfile",
        "nix-index-database": "nix-index-database",
        "nixpkgs": "nixpkgs_3",
        "nixpkgs-unstable": "nixpkgs-unstable_2",
        "sketchybar": "sketchybar"
      }
    },
    "sketchybar": {
      "flake": false,
      "locked": {
        "lastModified": 1734104004,
        "narHash": "sha256-e7HE7sS6cwwA3S92OmUmovA/CXy1fIWvmsJVwH8RQVw=",
        "owner": "FelixKratz",
        "repo": "dotfiles",
        "rev": "e27673f07ff41eb6a4816daabb79b0a5e837a105",
        "type": "github"
      },
      "original": {
        "owner": "FelixKratz",
        "repo": "dotfiles",
        "type": "github"
      }
    },
    "systems": {
      "locked": {
        "lastModified": 1681028828,
        "narHash": "sha256-Vy1rq5AaRuLzOxct8nz4T6wlgyUR7zLU309k9mBC768=",
        "owner": "nix-systems",
        "repo": "default",
        "rev": "da67096a3b9bf56a91d16901293e51ba5b49a27e",
        "type": "github"
      },
      "original": {
        "owner": "nix-systems",
        "repo": "default",
        "type": "github"
      }
    },
    "systems_2": {
      "locked": {
        "lastModified": 1681028828,
        "narHash": "sha256-Vy1rq5AaRuLzOxct8nz4T6wlgyUR7zLU309k9mBC768=",
        "owner": "nix-systems",
        "repo": "default",
        "rev": "da67096a3b9bf56a91d16901293e51ba5b49a27e",
        "type": "github"
      },
      "original": {
        "owner": "nix-systems",
        "repo": "default",
        "type": "github"
      }
    },
    "whaler": {
      "flake": false,
      "locked": {
        "lastModified": 1704281882,
        "narHash": "sha256-1s6XGi4xIuWZv+2Q1++sdg1HvBkhR0A/4GJoMXDA+QY=",
        "owner": "SalOrak",
        "repo": "whaler",
        "rev": "9e0b67e36250cb80e679563adcd4b7451eae26b2",
        "type": "github"
      },
      "original": {
        "owner": "SalOrak",
        "repo": "whaler",
        "type": "github"
      }
    }
  },
  "root": "root",
  "version": 7
}
